
Microsoft Visual Studio Solution File, Format Version 12.00
# Visual Studio Version 17
VisualStudioVersion = 17.14.36203.30
MinimumVisualStudioVersion = 10.0.40219.1
Project("{FAE04EC0-301F-11D3-BF4B-00C04F79EFBC}") = "PiaWebApp", "PiaWebApp\PiaWebApp.csproj", "{B5606D44-AF89-415A-9A69-ABD70DAE0A29}"
EndProject
Global
	GlobalSection(SolutionConfigurationPlatforms) = preSolution
		Debug|Any CPU = Debug|Any CPU
		Release|Any CPU = Release|Any CPU
	EndGlobalSection
	GlobalSection(ProjectConfigurationPlatforms) = postSolution
		{B5606D44-AF89-415A-9A69-ABD70DAE0A29}.Debug|Any CPU.ActiveCfg = Debug|Any CPU
		{B5606D44-AF89-415A-9A69-ABD70DAE0A29}.Debug|Any CPU.Build.0 = Debug|Any CPU
		{B5606D44-AF89-415A-9A69-ABD70DAE0A29}.Release|Any CPU.ActiveCfg = Release|Any CPU
		{B5606D44-AF89-415A-9A69-ABD70DAE0A29}.Release|Any CPU.Build.0 = Release|Any CPU
	EndGlobalSection
	GlobalSection(SolutionProperties) = preSolution
		HideSolutionNode = FALSE
	EndGlobalSection
	GlobalSection(ExtensibilityGlobals) = postSolution
		SolutionGuid = {8A82C21E-BFBB-418B-8B71-4DE168921AF6}
	EndGlobalSection
EndGlobal
